---
lockfileVersion: '9.0'

importers:

  .:
    configDependencies: {}
    packageManagerDependencies:
      '@pnpm/exe':
        specifier: ^11.8.0
        version: 11.8.0
      pnpm:
        specifier: ^11.8.0
        version: 11.8.0

packages:

  '@pnpm/exe@11.8.0':
    resolution: {integrity: sha512-Z4yxxE+Q2bi36Ol/hNN/420TLk6MG1LxB80sIFvwFq2cr8zRkO446c8Ho+jFaBOxdFiGE7RPT5a3tvu9JQarsg==}
    hasBin: true

  '@pnpm/linux-arm64@11.8.0':
    resolution: {integrity: sha512-GynFy14/J4CBFnAl0yIAZofHFjVT9O630/6SQizF+g/tmtgA/LD8LNydlaqp0IqJHLpAYgP6NCz1GpNjAXDSFw==}
    cpu: [arm64]
    os: [linux]

  '@pnpm/linux-x64@11.8.0':
    resolution: {integrity: sha512-t8xZUgi1+3zUDKD7vVv+njzEE22KKVsEx8mDOnHhcrvdk0VQjlXw1gsBRr5qgHm1mSLBHM59p8HYskbIvKs2Bg==}
    cpu: [x64]
    os: [linux]

  '@pnpm/linuxstatic-arm64@11.8.0':
    resolution: {integrity: sha512-sImQtnqan8mkTE4PPil9Kz3pPtQ+pBvhYEMUFBgOzhHAWloxVRDKK0pJvUXJmx+NqQNng5SiEvhjoAUdm5p34g==}
    cpu: [arm64]
    os: [linux]
    libc: [musl]

  '@pnpm/linuxstatic-x64@11.8.0':
    resolution: {integrity: sha512-/amFWeX2wOmsuCpEHs+65RBgniuncIE0eCqWdOI7nBk3rcu8SniVeZ8Lq5rABjqNBYUU65zKwHJ5NyWwc+BrKg==}
    cpu: [x64]
    os: [linux]
    libc: [musl]

  '@pnpm/macos-arm64@11.8.0':
    resolution: {integrity: sha512-r7OWbYzpvO3CPCozezysoAfpYvUNX0w/2DpqA+lX4HcuBQi7GAR4xx6Gdhbg52uPA7Qux+7kHUj3gL/Mn8DEAA==}
    cpu: [arm64]
    os: [darwin]

  '@pnpm/win-arm64@11.8.0':
    resolution: {integrity: sha512-BGXgcCdDX1QHv7D3QbQnP4aY/jr9DkSV/fqiiCTaYsgDF4/bOqcjlCr+Md6Az7HL/PJ8bxyjPIqHhdBzZh2TSg==}
    cpu: [arm64]
    os: [win32]

  '@pnpm/win-x64@11.8.0':
    resolution: {integrity: sha512-J6inRM26+P1hL3DLWLBLI/imW2VlxjSFJsnSlaVvPC6PiGJbC96JhGZ+7l9Oag8loWjb9Z1DbcOf3ibDA9XRJA==}
    cpu: [x64]
    os: [win32]

  '@reflink/reflink-darwin-arm64@0.1.19':
    resolution: {integrity: sha512-ruy44Lpepdk1FqDz38vExBY/PVUsjxZA+chd9wozjUH9JjuDT/HEaQYA6wYN9mf041l0yLVar6BCZuWABJvHSA==}
    engines: {node: '>= 10'}
    cpu: [arm64]
    os: [darwin]

  '@reflink/reflink-darwin-x64@0.1.19':
    resolution: {integrity: sha512-By85MSWrMZa+c26TcnAy8SDk0sTUkYlNnwknSchkhHpGXOtjNDUOxJE9oByBnGbeuIE1PiQsxDG3Ud+IVV9yuA==}
    engines: {node: '>= 10'}
    cpu: [x64]
    os: [darwin]

  '@reflink/reflink-linux-arm64-gnu@0.1.19':
    resolution: {integrity: sha512-7P+er8+rP9iNeN+bfmccM4hTAaLP6PQJPKWSA4iSk2bNvo6KU6RyPgYeHxXmzNKzPVRcypZQTpFgstHam6maVg==}
    engines: {node: '>= 10'}
    cpu: [arm64]
    os: [linux]
    libc: [glibc]

  '@reflink/reflink-linux-arm64-musl@0.1.19':
    resolution: {integrity: sha512-37iO/Dp6m5DDaC2sf3zPtx/hl9FV3Xze4xoYidrxxS9bgP3S8ALroxRK6xBG/1TtfXKTvolvp+IjrUU6ujIGmA==}
    engines: {node: '>= 10'}
    cpu: [arm64]
    os: [linux]
    libc: [musl]

  '@reflink/reflink-linux-x64-gnu@0.1.19':
    resolution: {integrity: sha512-jbI8jvuYCaA3MVUdu8vLoLAFqC+iNMpiSuLbxlAgg7x3K5bsS8nOpTRnkLF7vISJ+rVR8W+7ThXlXlUQ93ulkw==}
    engines: {node: '>= 10'}
    cpu: [x64]
    os: [linux]
    libc: [glibc]

  '@reflink/reflink-linux-x64-musl@0.1.19':
    resolution: {integrity: sha512-e9FBWDe+lv7QKAwtKOt6A2W/fyy/aEEfr0g6j/hWzvQcrzHCsz07BNQYlNOjTfeytrtLU7k449H1PI95jA4OjQ==}
    engines: {node: '>= 10'}
    cpu: [x64]
    os: [linux]
    libc: [musl]

  '@reflink/reflink-win32-arm64-msvc@0.1.19':
    resolution: {integrity: sha512-09PxnVIQcd+UOn4WAW73WU6PXL7DwGS6wPlkMhMg2zlHHG65F3vHepOw06HFCq+N42qkaNAc8AKIabWvtk6cIQ==}
    engines: {node: '>= 10'}
    cpu: [arm64]
    os: [win32]

  '@reflink/reflink-win32-x64-msvc@0.1.19':
    resolution: {integrity: sha512-E//yT4ni2SyhwP8JRjVGWr3cbnhWDiPLgnQ66qqaanjjnMiu3O/2tjCPQXlcGc/DEYofpDc9fvhv6tALQsMV9w==}
    engines: {node: '>= 10'}
    cpu: [x64]
    os: [win32]

  '@reflink/reflink@0.1.19':
    resolution: {integrity: sha512-DmCG8GzysnCZ15bres3N5AHCmwBwYgp0As6xjhQ47rAUTUXxJiK+lLUxaGsX3hd/30qUpVElh05PbGuxRPgJwA==}
    engines: {node: '>= 10'}

  detect-libc@2.1.2:
    resolution: {integrity: sha512-Btj2BOOO83o3WyH59e8MgXsxEQVcarkUOpEYrubB0urwnN10yQ364rsiByU11nZlqWYZm05i/of7io4mzihBtQ==}
    engines: {node: '>=8'}

  pnpm@11.8.0:
    resolution: {integrity: sha512-wfXnxMskHI8XS3Q4UdgvQrgCMkr8iw8Ra5atsVqgZmSUjd42lgo7oQebpbSyndAUATW5S1tfUmNZIknWjlVfJg==}
    engines: {node: '>=22.13'}
    hasBin: true

snapshots:

  '@pnpm/exe@11.8.0':
    dependencies:
      '@reflink/reflink': 0.1.19
      detect-libc: 2.1.2
    optionalDependencies:
      '@pnpm/linux-arm64': 11.8.0
      '@pnpm/linux-x64': 11.8.0
      '@pnpm/linuxstatic-arm64': 11.8.0
      '@pnpm/linuxstatic-x64': 11.8.0
      '@pnpm/macos-arm64': 11.8.0
      '@pnpm/win-arm64': 11.8.0
      '@pnpm/win-x64': 11.8.0

  '@pnpm/linux-arm64@11.8.0':
    optional: true

  '@pnpm/linux-x64@11.8.0':
    optional: true

  '@pnpm/linuxstatic-arm64@11.8.0':
    optional: true

  '@pnpm/linuxstatic-x64@11.8.0':
    optional: true

  '@pnpm/macos-arm64@11.8.0':
    optional: true

  '@pnpm/win-arm64@11.8.0':
    optional: true

  '@pnpm/win-x64@11.8.0':
    optional: true

  '@reflink/reflink-darwin-arm64@0.1.19':
    optional: true

  '@reflink/reflink-darwin-x64@0.1.19':
    optional: true

  '@reflink/reflink-linux-arm64-gnu@0.1.19':
    optional: true

  '@reflink/reflink-linux-arm64-musl@0.1.19':
    optional: true

  '@reflink/reflink-linux-x64-gnu@0.1.19':
    optional: true

  '@reflink/reflink-linux-x64-musl@0.1.19':
    optional: true

  '@reflink/reflink-win32-arm64-msvc@0.1.19':
    optional: true

  '@reflink/reflink-win32-x64-msvc@0.1.19':
    optional: true

  '@reflink/reflink@0.1.19':
    optionalDependencies:
      '@reflink/reflink-darwin-arm64': 0.1.19
      '@reflink/reflink-darwin-x64': 0.1.19
      '@reflink/reflink-linux-arm64-gnu': 0.1.19
      '@reflink/reflink-linux-arm64-musl': 0.1.19
      '@reflink/reflink-linux-x64-gnu': 0.1.19
      '@reflink/reflink-linux-x64-musl': 0.1.19
      '@reflink/reflink-win32-arm64-msvc': 0.1.19
      '@reflink/reflink-win32-x64-msvc': 0.1.19

  detect-libc@2.1.2: {}

  pnpm@11.8.0: {}

---
lockfileVersion: '9.0'

settings:
  autoInstallPeers: true
  excludeLinksFromLockfile: false

importers:

  .:
    dependencies:
      hast-util-select:
        specifier: ^5.0.5
        version: 5.0.5
      hastscript:
        specifier: ^7.2.0
        version: 7.2.0
      image-size:
        specifier: ^2.0.2
        version: 2.0.2
      upath:
        specifier: ^2.0.1
        version: 2.0.1
    devDependencies:
      '@types/hast':
        specifier: ^2.0.0
        version: 2.3.10
      '@types/node':
        specifier: ^24.13.2
        version: 24.13.2
      '@vivliostyle/vfm':
        specifier: ^2.7.0
        version: 2.7.0(typescript@6.0.3)
      prettier:
        specifier: ^3.8.4
        version: 3.8.4
      typescript:
        specifier: ^6.0.3
        version: 6.0.3
      unified:
        specifier: ^9.0.0
        version: 9.2.2

packages:

  '@types/hast@2.3.10':
    resolution: {integrity: sha512-McWspRw8xx8J9HurkVBfYj0xKoE25tOFlHGdx4MJ5xORQrMGZNqJhVQWaIbm6Oyla5kYOXtDiopzKRJzEOkwJw==}

  '@types/mdast@3.0.15':
    resolution: {integrity: sha512-LnwD+mUEfxWMa1QpDraczIn6k0Ee3SMicuYSSzS6ZYl2gKS09EClnJYGd8Du6rfc5r/GZEk5o1mRb8TaTj03sQ==}

  '@types/mdurl@1.0.5':
    resolution: {integrity: sha512-6L6VymKTzYSrEf4Nev4Xa1LCHKrlTlYCBMTlQKFuddo1CvQcE52I0mwfOJayueUC7MJuXOeHTcIU683lzd0cUA==}

  '@types/node@24.13.2':
    resolution: {integrity: sha512-fRa09kZTgu8o71KFcDjUFuc7F+dEbZYZmkI0mg5YBTRs0yMKjYHsq/c0urDKeDb+D5qVgXOdFcuu+DZPKOITwA==}

  '@types/parse5@5.0.3':
    resolution: {integrity: sha512-kUNnecmtkunAoQ3CnjmMkzNU/gtxG8guhi+Fk2U/kOpIKjIMKnXGp4IJCgQJrXSgMsWYimYG4TGjz/UzbGEBTw==}

  '@types/unist@2.0.11':
    resolution: {integrity: sha512-CmBKiL6NNo/OqgmMn95Fk9Whlp2mtvIv+KNpQKN2F4SjvrEesubTRWGYSg+BnWZOnlCaSTU1sMpsBOzgbYhnsA==}

  '@vivliostyle/vfm@2.7.0':
    resolution: {integrity: sha512-IR3xRCkXO1PQn+JwOItVaUMbwFD1qQmaqQm/fbD2+30jdG6PsQ2xjdFIARacfOKJip++ASmdnqCOUQ5pnOJfdA==}
    engines: {node: '>= 20'}
    hasBin: true

  argparse@2.0.1:
    resolution: {integrity: sha512-8+9WqebbFzpX9OR+Wa6O29asIogeRMzcGtAINdpMHHyAg10f05aSFVBbcEqGf/PXw1EjAZ+q2/bEBg3DvurK3Q==}

  bail@1.0.5:
    resolution: {integrity: sha512-xFbRxM1tahm08yHBP16MMjVUAvDaBMD38zsM9EMAUN61omwLmKlOpB/Zku5QkjZ8TZ4vn53pj+t518cH0S03RQ==}

  bcp-47-match@2.0.3:
    resolution: {integrity: sha512-JtTezzbAibu8G0R9op9zb3vcWZd9JF6M0xOYGPn0fNCd7wOpRB1mU2mH9T8gaBGbAAyIIVgB2G7xG0GP98zMAQ==}

  boolbase@1.0.0:
    resolution: {integrity: sha512-JZOSA7Mo9sNGB8+UjSgzdLtokWAky1zbztM3WRLCbZ70/3cTANmQmOdR7y2g+J0e2WXywy1yS468tY+IruqEww==}

  ccount@1.1.0:
    resolution: {integrity: sha512-vlNK021QdI7PNeiUh/lKkC/mNHHfV0m/Ad5JoI0TYtlBnJAslM/JIkm/tGC88bkLIwO6OQ5uV6ztS6kVAtCDlg==}

  character-entities-html4@1.1.4:
    resolution: {integrity: sha512-HRcDxZuZqMx3/a+qrzxdBKBPUpxWEq9xw2OPZ3a/174ihfrQKVsFhqtthBInFy1zZ9GgZyFXOatNujm8M+El3g==}

  character-entities-legacy@1.1.4:
    resolution: {integrity: sha512-3Xnr+7ZFS1uxeiUDvV02wQ+QDbc55o97tIV5zHScSPJpcLm/r0DFPcoY3tYRp+VZukxuMeKgXYmsXQHO05zQeA==}

  character-entities@1.2.4:
    resolution: {integrity: sha512-iBMyeEHxfVnIakwOuDXpVkc54HijNgCyQB2w0VfGQThle6NXn50zU6V/u+LDhxHcDUPojn6Kpga3PTAD8W1bQw==}

  character-reference-invalid@1.1.4:
    resolution: {integrity: sha512-mKKUkUbhPpQlCOfIuZkvSEgktjPFIsZKRRbC6KWVEMvlzblj3i3asQv5ODsrwt0N3pHAEvjP8KTQPHkp0+6jOg==}

  collapse-white-space@1.0.6:
    resolution: {integrity: sha512-jEovNnrhMuqyCcjfEJA56v0Xq8SkIoPKDyaHahwo3POf4qcSXqMYuwNcOTzp74vTsR9Tn08z4MxWqAhcekogkQ==}

  comma-separated-tokens@1.0.8:
    resolution: {integrity: sha512-GHuDRO12Sypu2cV70d1dkA2EUmXHgntrzbpvOB+Qy+49ypNfGgFQIC2fhhXbnyrJRynDCAARsT7Ou0M6hirpfw==}

  comma-separated-tokens@2.0.3:
    resolution: {integrity: sha512-Fu4hJdvzeylCfQPp9SGWidpzrMs7tTrlu6Vb8XGaRGck8QSNZJJp538Wrb60Lax4fPwR64ViY468OIUTbRlGZg==}

  css-selector-parser@1.4.1:
    resolution: {integrity: sha512-HYPSb7y/Z7BNDCOrakL4raGO2zltZkbeXyAd6Tg9obzix6QhzxCotdBl6VT0Dv4vZfJGVz3WL/xaEI9Ly3ul0g==}

  debug@4.4.3:
    resolution: {integrity: sha512-RGwwWnwQvkVfavKVt22FGLw+xYSdzARwm0ru6DhTVA3umU5hZc28V3kO4stgYryrTlLpuvgI9GiijltAjNbcqA==}
    engines: {node: '>=6.0'}
    peerDependencies:
      supports-color: '*'
    peerDependenciesMeta:
      supports-color:
        optional: true

  direction@2.0.1:
    resolution: {integrity: sha512-9S6m9Sukh1cZNknO1CWAr2QAWsbKLafQiyM5gZ7VgXHeuaoUwffKN4q6NC4A/Mf9iiPlOXQEKW/Mv/mh9/3YFA==}
    hasBin: true

  doctype@3.0.1:
    resolution: {integrity: sha512-Ha+ox5/0B5VFY316bJgY9ed2KlZw7Fh6US9xoLuYNztgMX49JvE6lB39hWd097bu7pJhETDuoZ7kS1Nc35kVRg==}

  escape-string-regexp@4.0.0:
    resolution: {integrity: sha512-TtpcNJ3XAzx3Gq8sWRzJaVajRs0uVxA2YAkdb1jm2YkPz4G6egUFAyA3n5vtEIZefPk5Wa4UXbKuS5fKkJWdgA==}
    engines: {node: '>=10'}

  escape-string-regexp@5.0.0:
    resolution: {integrity: sha512-/veY75JbMK4j1yjvuUxuVsiS/hr/4iHs9FTT6cgTexxdE0Ly/glccBAkloH/DofkjRbZU3bnoj38mOmhkZ0lHw==}
    engines: {node: '>=12'}

  extend@3.0.2:
    resolution: {integrity: sha512-fjquC59cD7CyW6urNXK0FBufkZcoiGG80wTuPujX590cB5Ttln20E2UB4S/WARVqhXffZl2LNgS+gQdPIIim/g==}

  fault@1.0.4:
    resolution: {integrity: sha512-CJ0HCB5tL5fYTEA7ToAq5+kTwd++Borf1/bifxd9iT70QcXr4MRrO3Llf8Ifs70q+SJcGHFtnIE/Nw6giCtECA==}

  format@0.2.2:
    resolution: {integrity: sha512-wzsgA6WOq+09wrU1tsJ09udeR/YZRaeArL9e1wPbFg3GG2yDnC2ldKpxs4xunpFF9DgqCqOIra3bc1HWrJ37Ww==}
    engines: {node: '>=0.4.x'}

  github-slugger@2.0.0:
    resolution: {integrity: sha512-IaOQ9puYtjrkq7Y0Ygl9KDZnrf/aiUJYUpVf89y8kyaxbRG7Y1SrX/jaumrv81vc61+kiMempujsM3Yw7w5qcw==}

  hast-to-hyperscript@9.0.1:
    resolution: {integrity: sha512-zQgLKqF+O2F72S1aa4y2ivxzSlko3MAvxkwG8ehGmNiqd98BIN3JM1rAJPmplEyLmGLO2QZYJtIneOSZ2YbJuA==}

  hast-util-embedded@1.0.6:
    resolution: {integrity: sha512-JQMW+TJe0UAIXZMjCJ4Wf6ayDV9Yv3PBDPsHD4ExBpAspJ6MOcCX+nzVF+UJVv7OqPcg852WEMSHQPoRA+FVSw==}

  hast-util-find-and-replace@3.2.1:
    resolution: {integrity: sha512-Xe4iNeJQHB02SITkc2TyeGytxKWF8aGYcP6k2oCpdClTDVzNkJdLhf88fr0FMj+v1AHCjgv+m6vSEsMJN0RHTw==}

  hast-util-from-parse5@6.0.1:
    resolution: {integrity: sha512-jeJUWiN5pSxW12Rh01smtVkZgZr33wBokLzKLwinYOUfSzm1Nl/c3GUGebDyOKjdsRgMvoVbV0VpAcpjF4NrJA==}

  hast-util-has-property@1.0.4:
    resolution: {integrity: sha512-ghHup2voGfgFoHMGnaLHOjbYFACKrRh9KFttdCzMCbFoBMJXiNi2+XTrPP8+q6cDJM/RSqlCfVWrjp1H201rZg==}

  hast-util-has-property@2.0.1:
    resolution: {integrity: sha512-X2+RwZIMTMKpXUzlotatPzWj8bspCymtXH3cfG3iQKV+wPF53Vgaqxi/eLqGck0wKq1kS9nvoB1wchbCPEL8sg==}

  hast-util-is-body-ok-link@1.0.4:
    resolution: {integrity: sha512-mFblNpLvFbD8dG2Nw5dJBYZkxIHeph1JAh5yr4huI7T5m8cV0zaXNiqzKPX/JdjA+tIDF7c33u9cxK132KRjyQ==}

  hast-util-is-element@1.1.0:
    resolution: {integrity: sha512-oUmNua0bFbdrD/ELDSSEadRVtWZOf3iF6Lbv81naqsIV99RnSCieTbWuWCY8BAeEfKJTKl0gRdokv+dELutHGQ==}

  hast-util-is-element@2.1.3:
    resolution: {integrity: sha512-O1bKah6mhgEq2WtVMk+Ta5K7pPMqsBBlmzysLdcwKVrqzZQ0CHqUPiIVspNhAG1rvxpvJjtGee17XfauZYKqVA==}

  hast-util-parse-selector@2.2.5:
    resolution: {integrity: sha512-7j6mrk/qqkSehsM92wQjdIgWM2/BW61u/53G6xmC8i1OmEdKLHbk419QKQUjz6LglWsfqoiHmyMRkP1BGjecNQ==}

  hast-util-parse-selector@3.1.1:
    resolution: {integrity: sha512-jdlwBjEexy1oGz0aJ2f4GKMaVKkA9jwjr4MjAAI22E5fM/TXVZHuS5OpONtdeIkRKqAaryQ2E9xNQxijoThSZA==}

  hast-util-phrasing@1.0.5:
    resolution: {integrity: sha512-P3uxm+8bnwcfAS/XpGie9wMmQXAQqsYhgQQKRwmWH/V6chiq0lmTy8KjQRJmYjusdMtNKGCUksdILSZy1suSpQ==}

  hast-util-raw@6.1.0:
    resolution: {integrity: sha512-5FoZLDHBpka20OlZZ4I/+RBw5piVQ8iI1doEvffQhx5CbCyTtP8UCq8Tw6NmTAMtXgsQxmhW7Ly8OdFre5/YMQ==}

  hast-util-select@5.0.5:
    resolution: {integrity: sha512-QQhWMhgTFRhCaQdgTKzZ5g31GLQ9qRb1hZtDPMqQaOhpLBziWcshUS0uCR5IJ0U1jrK/mxg35fmcq+Dp/Cy2Aw==}

  hast-util-to-html@7.1.3:
    resolution: {integrity: sha512-yk2+1p3EJTEE9ZEUkgHsUSVhIpCsL/bvT8E5GzmWc+N1Po5gBw+0F8bo7dpxXR0nu0bQVxVZGX2lBGF21CmeDw==}

  hast-util-to-parse5@6.0.0:
    resolution: {integrity: sha512-Lu5m6Lgm/fWuz8eWnrKezHtVY83JeRGaNQ2kn9aJgqaxvVkFCZQBEhgodZUDUvoodgyROHDb3r5IxAEdl6suJQ==}

  hast-util-to-string@2.0.0:
    resolution: {integrity: sha512-02AQ3vLhuH3FisaMM+i/9sm4OXGSq1UhOOCpTLLQtHdL3tZt7qil69r8M8iDkZYyC0HCFylcYoP+8IO7ddta1A==}

  hast-util-whitespace@1.0.4:
    resolution: {integrity: sha512-I5GTdSfhYfAPNztx2xJRQpG8cuDSNt599/7YUn7Gx/WxNMsG+a835k97TDkFgk123cwjfwINaZknkKkphx/f2A==}

  hast-util-whitespace@2.0.1:
    resolution: {integrity: sha512-nAxA0v8+vXSBDt3AnRUNjyRIQ0rD+ntpbAp4LnPkumc5M9yUbSMa4XDU9Q6etY4f1Wp4bNgvc1yjiZtsTTrSng==}

  hastscript@6.0.0:
    resolution: {integrity: sha512-nDM6bvd7lIqDUiYEiu5Sl/+6ReP0BMk/2f4U/Rooccxkj0P5nm+acM5PrGJ/t5I8qPGiqZSE6hVAwZEdZIvP4w==}

  hastscript@7.2.0:
    resolution: {integrity: sha512-TtYPq24IldU8iKoJQqvZOuhi5CyCQRAbvDOX0x1eW6rsHSxa/1i2CCiptNTotGHJ3VoHRGmqiv6/D3q113ikkw==}

  html-element-attributes@2.3.0:
    resolution: {integrity: sha512-RJv2v3BBaYSc0ODHwT0sqWI+2lFs6DATBvCRnW20BDmULxoAWvfT6r28uL8LcW1a9/eqUl+1DccUOJzw00qVXQ==}

  html-void-elements@1.0.5:
    resolution: {integrity: sha512-uE/TxKuyNIcx44cIWnjr/rfIATDH7ZaOMmstu0CwhFG1Dunhlp4OC6/NMbhiwoq5BpW0ubi303qnEk/PZj614w==}

  html-whitespace-sensitive-tag-names@1.0.3:
    resolution: {integrity: sha512-GX1UguduCBEAEo1hjFxc2Bz04/sDq0ACNyT7LsuoDcPfXYI3nS0NRPp3dyazLJyVUMp3GPBB56i/0Zr6CqD2PQ==}

  image-size@2.0.2:
    resolution: {integrity: sha512-IRqXKlaXwgSMAMtpNzZa1ZAe8m+Sa1770Dhk8VkSsP9LS+iHD62Zd8FQKs8fbPiagBE7BzoFX23cxFnwshpV6w==}
    engines: {node: '>=16.x'}
    hasBin: true

  inherits@2.0.4:
    resolution: {integrity: sha512-k/vGaX4/Yla3WzyMCvTQOXYeIHvqOKtnqBduzTHpzpQZzAskKMhZ2K+EnBiSM9zGSoIFeMpXKxa4dYeZIQqewQ==}

  inline-style-parser@0.1.1:
    resolution: {integrity: sha512-7NXolsK4CAS5+xvdj5OMMbI962hU/wvwoxk+LWR9Ek9bVtyuuYScDN6eS0rUm6TxApFpw7CX1o4uJzcd4AyD3Q==}

  is-alphabetical@1.0.4:
    resolution: {integrity: sha512-DwzsA04LQ10FHTZuL0/grVDk4rFoVH1pjAToYwBrHSxcrBIGQuXrQMtD5U1b0U2XVgKZCTLLP8u2Qxqhy3l2Vg==}

  is-alphanumerical@1.0.4:
    resolution: {integrity: sha512-UzoZUr+XfVz3t3v4KyGEniVL9BDRoQtY7tOyrRybkVNjDFWyo1yhXNGrrBTQxp3ib9BLAWs7k2YKBQsFRkZG9A==}

  is-buffer@2.0.5:
    resolution: {integrity: sha512-i2R6zNFDwgEHJyQUtJEk0XFi1i0dPFn/oqjK3/vPCcDeJvW5NQ83V8QbicfF1SupOaB0h8ntgBC2YiE7dfyctQ==}
    engines: {node: '>=4'}

  is-decimal@1.0.4:
    resolution: {integrity: sha512-RGdriMmQQvZ2aqaQq3awNA6dCGtKpiDFcOzrTWrDAT2MiWrKQVPmxLGHl7Y2nNu6led0kEyoX0enY0qXYsv9zw==}

  is-hexadecimal@1.0.4:
    resolution: {integrity: sha512-gyPJuv83bHMpocVYoqof5VDiZveEoGoFL8m3BXNb2VW8Xs+rz9kqO8LOQ5DH6EsuvilT1ApazU0pyl+ytbPtlw==}

  is-plain-obj@2.1.0:
    resolution: {integrity: sha512-YWnfyRwxL/+SsrWYfOpUtz5b3YD+nyfkHvjbcanzk8zgyO4ASD67uVMRt8k5bM4lLMDnXfriRhOpemw+NfT1eA==}
    engines: {node: '>=8'}

  is-whitespace-character@1.0.4:
    resolution: {integrity: sha512-SDweEzfIZM0SJV0EUga669UTKlmL0Pq8Lno0QDQsPnvECB3IM2aP0gdx5TrU0A01MAPfViaZiI2V1QMZLaKK5w==}

  is-word-character@1.0.4:
    resolution: {integrity: sha512-5SMO8RVennx3nZrqtKwCGyyetPE9VDba5ugvKLaD4KopPG5kR4mQ7tNt/r7feL5yt5h3lpuBbIUmCOG2eSzXHA==}

  js-yaml@4.2.0:
    resolution: {integrity: sha512-ePWsvanv0DWuDRsW8dnt+R4jQ31SCRCQ7hhNcPXZPsoBZiemuZNYGf7adZdqX2D86j6rvKp3RpCxVTSb8WQlOw==}
    hasBin: true

  markdown-escapes@1.0.4:
    resolution: {integrity: sha512-8z4efJYk43E0upd0NbVXwgSTQs6cT3T06etieCMEg7dRbzCbxUCK/GHlX8mhHRDcp+OLlHkPKsvqQTCvsRl2cg==}

  md-attr-parser@1.3.0:
    resolution: {integrity: sha512-KTVlfU5Oxo/6kd0YZ2mLP3eWJj+5vzh5mBCxLo3yGl1fzHIgxmtadbE9tHb7TbUBi3XZbl+P0xKeGmakat135w==}

  mdast-util-definitions@4.0.0:
    resolution: {integrity: sha512-k8AJ6aNnUkB7IE+5azR9h81O5EQ/cTDXtWdMq9Kk5KcEW/8ritU5CeLg/9HhOC++nALHBlaogJ5jz0Ybk3kPMQ==}

  mdast-util-definitions@5.1.2:
    resolution: {integrity: sha512-8SVPMuHqlPME/z3gqVwWY4zVXn8lqKv/pAhC57FuJ40ImXyBpmO5ukh98zB2v7Blql2FiHjHv9LVztSIqjY+MA==}

  mdast-util-find-and-replace@2.2.2:
    resolution: {integrity: sha512-MTtdFRz/eMDHXzeK6W3dO7mXUlF82Gom4y0oOgvHhh/HXZAGvIQDUvQ0SuUx+j2tv44b8xTHOm8K/9OoRFnXKw==}

  mdast-util-to-hast@10.2.0:
    resolution: {integrity: sha512-JoPBfJ3gBnHZ18icCwHR50orC9kNH81tiR1gs01D8Q5YpV6adHNO9nKNuFBCJQ941/32PT1a63UF/DitmS3amQ==}

  mdast-util-to-hast@11.3.0:
    resolution: {integrity: sha512-4o3Cli3hXPmm1LhB+6rqhfsIUBjnKFlIUZvudaermXB+4/KONdd/W4saWWkC+LBLbPMqhFSSTSRgafHsT5fVJw==}

  mdast-util-to-string@3.2.0:
    resolution: {integrity: sha512-V4Zn/ncyN1QNSqSBxTrMOLpjr+IKdHl2v3KVLoWmDPscP4r9GcCi71gjgvUV1SFSKh92AjAG4peFuBl2/YgCJg==}

  mdurl@1.0.1:
    resolution: {integrity: sha512-/sKlQJCBYVY9Ers9hqzKou4H6V5UWc/M59TH2dvkt+84itfnq7uFOMLpOiOS4ujvHP4etln18fmIxA5R5fll0g==}

  meow@13.2.0:
    resolution: {integrity: sha512-pxQJQzB6djGPXh08dacEloMFopsOqGVRKFPYvPOt9XDZ1HasbgDZA74CJGreSU4G3Ak7EFJGoiH2auq+yXISgA==}
    engines: {node: '>=18'}

  ms@2.1.3:
    resolution: {integrity: sha512-6FlzubTLZG3J2a/NVCAleEhjzq5oxgHyaCU9yYXvcLsvoVaHJq/s5xXI6/XXP6tz7R9xAOtHnSO/tXtF3WRTlA==}

  not@0.1.0:
    resolution: {integrity: sha512-5PDmaAsVfnWUgTUbJ3ERwn7u79Z0dYxN9ErxCpVJJqe2RK0PJ3z+iFUxuqjwtlDDegXvtWoxD/3Fzxox7tFGWA==}

  nth-check@2.1.1:
    resolution: {integrity: sha512-lqjrjmaOoAnWfMmBPL+XNnynZh2+swxiX3WUE0s4yEHI6m+AwrK2UZOimIRl3X/4QctVqS8AiZjFqyOGrMXb/w==}

  parse-entities@2.0.0:
    resolution: {integrity: sha512-kkywGpCcRYhqQIchaWqZ875wzpS/bMKhz5HnN3p7wveJTkTtyAB/AlnS0f8DFSqYW1T82t6yEAkEcB+A1I3MbQ==}

  parse5@6.0.1:
    resolution: {integrity: sha512-Ofn/CTFzRGTTxwpNEs9PP93gXShHcTq255nzRYSKe8AkVpZY7e1fpmTfOyoIvjP5HG7Z2ZM7VS9PPhQGW2pOpw==}

  prettier@3.8.4:
    resolution: {integrity: sha512-N2MylSdi48+5N/6S5j+maeHbUSIzzZ5uOcX5Hm4QpV8Dkb1HFjfAKTKX6yNPJQD9AhcT3ifHNB66tWTTJDi11Q==}
    engines: {node: '>=14'}
    hasBin: true

  prismjs@1.27.0:
    resolution: {integrity: sha512-t13BGPUlFDR7wRB5kQDG4jjl7XeuH6jbJGt11JHPL96qwsEHNX2+68tFXqc1/k+/jALsbSWJKUOT/hcYAZ5LkA==}
    engines: {node: '>=6'}

  property-information@5.6.0:
    resolution: {integrity: sha512-YUHSPk+A30YPv+0Qf8i9Mbfe/C0hdPXk1s1jPVToV8pk8BQtpw10ct89Eo7OWkutrwqvT0eicAxlOg3dOAu8JA==}

  property-information@6.5.0:
    resolution: {integrity: sha512-PgTgs/BlvHxOu8QuEN7wi5A0OmXaBcHpmCSTehcs6Uuu9IkDIEo13Hy7n898RHfrQ49vKCoGeWZSaAK01nwVig==}

  refractor@3.6.0:
    resolution: {integrity: sha512-MY9W41IOWxxk31o+YvFCNyNzdkc9M20NoZK5vq6jkv4I/uh2zkWcfudj0Q1fovjUQJrNewS9NMzeTtqPf+n5EA==}

  rehype-format@3.1.0:
    resolution: {integrity: sha512-XC88CLU83x6ocwHbDsqbK/y+qNxqWcSp7gZdYeJzUZPQH05ABFke3Zb+H53UGsRAUTB2W95/UMMtn/pM+UFiKQ==}

  rehype-minify-whitespace@4.0.5:
    resolution: {integrity: sha512-QC3Z+bZ5wbv+jGYQewpAAYhXhzuH/TVRx7z08rurBmh9AbG8Nu8oJnvs9LWj43Fd/C7UIhXoQ7Wddgt+ThWK5g==}

  rehype-raw@5.1.0:
    resolution: {integrity: sha512-MDvHAb/5mUnif2R+0IPCYJU8WjHa9UzGtM/F4AVy5GixPlDZ1z3HacYy4xojDU+uBa+0X/3PIfyQI26/2ljJNA==}

  rehype-stringify@8.0.0:
    resolution: {integrity: sha512-VkIs18G0pj2xklyllrPSvdShAV36Ff3yE5PUO9u36f6+2qJFnn22Z5gKwBOwgXviux4UC7K+/j13AnZfPICi/g==}

  remark-attr@0.11.1:
    resolution: {integrity: sha512-NnzURvBJ52c58L3AohBk5qSTBPXdMKsf5+w9L0YNhi/HCtv7ZA9dNRz5NsPIxLtIHhoZIjTqQsMzoyggyPVvkQ==}

  remark-breaks@1.0.5:
    resolution: {integrity: sha512-lr8+TlJI273NjEqL27eUthPYPTCgXEj4NaLbnazS3bQaQL2FySlsbtgo52gE36fE1gWeQgkn1VdmWsoT+uA7FA==}

  remark-footnotes@1.0.0:
    resolution: {integrity: sha512-X9Ncj4cj3/CIvLI2Z9IobHtVi8FVdUrdJkCNaL9kdX8ohfsi18DXHsCVd/A7ssARBdccdDb5ODnt62WuEWaM/g==}

  remark-footnotes@2.0.0:
    resolution: {integrity: sha512-3Clt8ZMH75Ayjp9q4CorNeyjwIxHFcTkaektplKGl2A1jNGEUey8cKL0ZC5vJwfcD5GFGsNLImLG/NGzWIzoMQ==}

  remark-frontmatter@2.0.0:
    resolution: {integrity: sha512-uNOQt4tO14qBFWXenF0MLC4cqo3dv8qiHPGyjCl1rwOT0LomSHpcElbjjVh5CwzElInB38HD8aSRVugKQjeyHA==}

  remark-parse@8.0.3:
    resolution: {integrity: sha512-E1K9+QLGgggHxCQtLt++uXltxEprmWzNfg+MxpfHsZlrddKzZ/hZyWHDbK3/Ap8HJQqYJRXP+jHczdL6q6i85Q==}

  remark-rehype@8.1.0:
    resolution: {integrity: sha512-EbCu9kHgAxKmW1yEYjx3QafMyGY3q8noUbNUI5xyKbaFP89wbhDrKxyIQNukNYthzjNHZu6J7hwFg7hRm1svYA==}

  remark-shortcodes@0.3.1:
    resolution: {integrity: sha512-ornwmR9xHDtalUndKIFcAM14Z+OoKr8CRIdJpc1YFDxTHmVBBAu8ORmE9oP5fDuOWEu+r6YLyb5fCKScc4Gung==}
    peerDependencies:
      remark-parse: '>=3.0.0'

  repeat-string@1.6.1:
    resolution: {integrity: sha512-PV0dzCYDNfRi1jCDbJzpW7jNNDRuCOG/jI5ctQcGKt/clZD+YcPS3yIlWuTJMmESC8aevCFmWJy5wjAFgNqN6w==}
    engines: {node: '>=0.10'}

  space-separated-tokens@1.1.5:
    resolution: {integrity: sha512-q/JSVd1Lptzhf5bkYm4ob4iWPjx0KiRe3sRFBNrVqbJkFaBm5vbbowy1mymoPNLRa52+oadOhJ+K49wsSeSjTA==}

  space-separated-tokens@2.0.2:
    resolution: {integrity: sha512-PEGlAwrG8yXGXRjW32fGbg66JAlOAwbObuqVoJpv/mRgoWDQfgH1wDPvtzWyUSNAXBGSk8h755YDbbcEy3SH2Q==}

  state-toggle@1.0.3:
    resolution: {integrity: sha512-d/5Z4/2iiCnHw6Xzghyhb+GcmF89bxwgXG60wjIiZaxnymbyOmI8Hk4VqHXiVVp6u2ysaskFfXg3ekCj4WNftQ==}

  stringify-entities@3.1.0:
    resolution: {integrity: sha512-3FP+jGMmMV/ffZs86MoghGqAoqXAdxLrJP4GUdrDN1aIScYih5tuIO3eF4To5AJZ79KDZ8Fpdy7QJnK8SsL1Vg==}

  style-to-object@0.3.0:
    resolution: {integrity: sha512-CzFnRRXhzWIdItT3OmF8SQfWyahHhjq3HwcMNCNLn+N7klOOqPjMeG/4JSu77D7ypZdGvSzvkrbyeTMizz2VrA==}

  to-vfile@6.1.0:
    resolution: {integrity: sha512-BxX8EkCxOAZe+D/ToHdDsJcVI4HqQfmw0tCkp31zf3dNP/XWIAjU4CmeuSwsSoOzOTqHPOL0KUzyZqJplkD0Qw==}

  trim-trailing-lines@1.1.4:
    resolution: {integrity: sha512-rjUWSqnfTNrjbB9NQWfPMH/xRK1deHeGsHoVfpxJ++XeYXE0d6B1En37AHfw3jtfTU7dzMzZL2jjpe8Qb5gLIQ==}

  trim@0.0.1:
    resolution: {integrity: sha512-YzQV+TZg4AxpKxaTHK3c3D+kRDCGVEE7LemdlQZoQXn0iennk10RsIoY6ikzAqJTc9Xjl9C1/waHom/J86ziAQ==}
    deprecated: Use String.prototype.trim() instead

  trough@1.0.5:
    resolution: {integrity: sha512-rvuRbTarPXmMb79SmzEp8aqXNKcK+y0XaB298IXueQ8I2PsrATcPBCSPyK/dDNa2iWOhKlfNnOjdAOTBU/nkFA==}

  typescript@6.0.3:
    resolution: {integrity: sha512-y2TvuxSZPDyQakkFRPZHKFm+KKVqIisdg9/CZwm9ftvKXLP8NRWj38/ODjNbr43SsoXqNuAisEf1GdCxqWcdBw==}
    engines: {node: '>=14.17'}
    hasBin: true

  undici-types@7.18.2:
    resolution: {integrity: sha512-AsuCzffGHJybSaRrmr5eHr81mwJU3kjw6M+uprWvCXiNeN9SOGwQ3Jn8jb8m3Z6izVgknn1R0FTCEAP2QrLY/w==}

  unherit@1.1.3:
    resolution: {integrity: sha512-Ft16BJcnapDKp0+J/rqFC3Rrk6Y/Ng4nzsC028k2jdDII/rdZ7Wd3pPT/6+vIIxRagwRc9K0IUX0Ra4fKvw+WQ==}

  unified@9.2.2:
    resolution: {integrity: sha512-Sg7j110mtefBD+qunSLO1lqOEKdrwBFBrR6Qd8f4uwkhWNlbkaqwHse6e7QvD3AP/MNoJdEDLaf8OxYyoWgorQ==}

  unist-builder@2.0.3:
    resolution: {integrity: sha512-f98yt5pnlMWlzP539tPc4grGMsFaQQlP/vM396b00jngsiINumNmsY8rkXjfoi1c6QaM8nQ3vaGDuoKWbe/1Uw==}

  unist-builder@3.0.1:
    resolution: {integrity: sha512-gnpOw7DIpCA0vpr6NqdPvTWnlPTApCTRzr+38E6hCWx3rz/cjo83SsKIlS1Z+L5ttScQ2AwutNnb8+tAvpb6qQ==}

  unist-util-filter@4.0.1:
    resolution: {integrity: sha512-RynicUM/vbOSTSiUK+BnaK9XMfmQUh6gyi7L6taNgc7FIf84GukXVV3ucGzEN/PhUUkdP5hb1MmXc+3cvPUm5Q==}

  unist-util-find-after@4.0.1:
    resolution: {integrity: sha512-QO/PuPMm2ERxC6vFXEPtmAutOopy5PknD+Oq64gGwxKtk4xwo9Z97t9Av1obPmGU0IyTa6EKYUfTrK2QJS3Ozw==}

  unist-util-generated@1.1.6:
    resolution: {integrity: sha512-cln2Mm1/CZzN5ttGK7vkoGw+RZ8VcUH6BtGbq98DDtRGquAAOXig1mrBQYelOwMXYS8rK+vZDyyojSjp7JX+Lg==}

  unist-util-generated@2.0.1:
    resolution: {integrity: sha512-qF72kLmPxAw0oN2fwpWIqbXAVyEqUzDHMsbtPvOudIlUzXYFIeQIuxXQCRCFh22B7cixvU0MG7m3MW8FTq/S+A==}

  unist-util-inspect@7.0.2:
    resolution: {integrity: sha512-Op0XnmHUl6C2zo/yJCwhXQSm/SmW22eDZdWP2qdf4WpGrgO1ZxFodq+5zFyeRGasFjJotAnLgfuD1jkcKqiH1Q==}

  unist-util-is@4.1.0:
    resolution: {integrity: sha512-ZOQSsnce92GrxSqlnEEseX0gi7GH9zTJZ0p9dtu87WRb/37mMPO2Ilx1s/t9vBHrFhbgweUwb+t7cIn5dxPhZg==}

  unist-util-is@5.2.1:
    resolution: {integrity: sha512-u9njyyfEh43npf1M+yGKDGVPbY/JWEemg5nH05ncKPfi+kBbKBJoTdsogMu33uhytuLlv9y0O7GH7fEdwLdLQw==}

  unist-util-position@3.1.0:
    resolution: {integrity: sha512-w+PkwCbYSFw8vpgWD0v7zRCl1FpY3fjDSQ3/N/wNd9Ffa4gPi8+4keqt99N3XW6F99t/mUzp2xAhNmfKWp95QA==}

  unist-util-position@4.0.4:
    resolution: {integrity: sha512-kUBE91efOWfIVBo8xzh/uZQ7p9ffYRtUbMRZBNFYwf0RK8koUMx6dGUfwylLOKmaT2cs4wSW96QoYUSXAyEtpg==}

  unist-util-remove-position@2.0.1:
    resolution: {integrity: sha512-fDZsLYIe2uT+oGFnuZmy73K6ZxOPG/Qcm+w7jbEjaFcJgbQ6cqjs/eSPzXhsmGpAsWPkqZM9pYjww5QTn3LHMA==}

  unist-util-remove@3.1.1:
    resolution: {integrity: sha512-kfCqZK5YVY5yEa89tvpl7KnBBHu2c6CzMkqHUrlOqaRgGOMp0sMvwWOVrbAtj03KhovQB7i96Gda72v/EFE0vw==}

  unist-util-select@4.0.3:
    resolution: {integrity: sha512-1074+K9VyR3NyUz3lgNtHKm7ln+jSZXtLJM4E22uVuoFn88a/Go2pX8dusrt/W+KWH1ncn8jcd8uCQuvXb/fXA==}

  unist-util-stringify-position@2.0.3:
    resolution: {integrity: sha512-3faScn5I+hy9VleOq/qNbAd6pAx7iH5jYBMS9I1HgQVijz/4mv5Bvw5iw1sC/90CODiKo81G/ps8AJrISn687g==}

  unist-util-visit-parents@3.1.1:
    resolution: {integrity: sha512-1KROIZWo6bcMrZEwiH2UrXDyalAa0uqzWCxCJj6lPOvTve2WkfgCytoDTPaMnodXh1WrXOq0haVYHj99ynJlsg==}

  unist-util-visit-parents@5.1.3:
    resolution: {integrity: sha512-x6+y8g7wWMyQhL1iZfhIPhDAs7Xwbn9nRosDXl7qoPTSCy0yNxnKc+hWokFifWQIDGi154rdUqKvbCa4+1kLhg==}

  unist-util-visit@2.0.3:
    resolution: {integrity: sha512-iJ4/RczbJMkD0712mGktuGpm/U4By4FfDonL7N/9tATGIF4imikjOuagyMY53tnZq3NP6BcmlrHhEKAfGWjh7Q==}

  unist-util-visit@4.1.2:
    resolution: {integrity: sha512-MSd8OUGISqHdVvfY9TPhyK2VdUrPgxkUtWSuMHF6XAAFuL4LokseigBnZtPnJMu+FbynTkFNnFlyjxpVKujMRg==}

  upath@2.0.1:
    resolution: {integrity: sha512-1uEe95xksV1O0CYKXo8vQvN1JEbtJp7lb7C5U9HMsIp6IVwntkH/oNUzyVNQSd4S1sYk2FpSSW44FqMc8qee5w==}
    engines: {node: '>=4'}

  valibot@1.2.0:
    resolution: {integrity: sha512-mm1rxUsmOxzrwnX5arGS+U4T25RdvpPjPN4yR0u9pUBov9+zGVtO84tif1eY4r6zWxVxu3KzIyknJy3rxfRZZg==}
    peerDependencies:
      typescript: '>=5'
    peerDependenciesMeta:
      typescript:
        optional: true

  vfile-location@3.2.0:
    resolution: {integrity: sha512-aLEIZKv/oxuCDZ8lkJGhuhztf/BW4M+iHdCwglA/eWc+vtuRFJj8EtgceYFX4LRjOhCAAiNHsKGssC6onJ+jbA==}

  vfile-message@2.0.4:
    resolution: {integrity: sha512-DjssxRGkMvifUOJre00juHoP9DPWuzjxKuMDrhNbk2TdaYYBNMStsNhEOt3idrtI12VQYM/1+iM0KOzXi4pxwQ==}

  vfile@4.2.1:
    resolution: {integrity: sha512-O6AE4OskCG5S1emQ/4gl8zK586RqA3srz3nfK/Viy0UPToBc5Trp9BVFb1u0CjsKrAWwnpr4ifM/KBXPWwJbCA==}

  web-namespaces@1.1.4:
    resolution: {integrity: sha512-wYxSGajtmoP4WxfejAPIr4l0fVh+jeMXZb08wNc0tMg6xsfZXj3cECqIK0G7ZAqUq0PP8WlMDtaOGVBTAWztNw==}

  xtend@4.0.2:
    resolution: {integrity: sha512-LKYU1iAXJXUgAXn9URjiu+MWhyUXHsvfp7mcuYm9dSUKK0/CjtrUwFAxD82/mCWbtLsGjFIad0wIsod4zrTAEQ==}
    engines: {node: '>=0.4'}

  zwitch@1.0.5:
    resolution: {integrity: sha512-V50KMwwzqJV0NpZIZFwfOD5/lyny3WlSzRiXgA0G7VUnRlqttta1L6UQIHzd6EuBY/cHGfwTIck7w1yH6Q5zUw==}

  zwitch@2.0.4:
    resolution: {integrity: sha512-bXE4cR/kVZhKZX/RjPEflHaKVhUVl85noU3v6b8apfQEc1x4A+zBxjZ4lN8LqGd6WZ3dl98pY4o717VFmoPp+A==}

snapshots:

  '@types/hast@2.3.10':
    dependencies:
      '@types/unist': 2.0.11

  '@types/mdast@3.0.15':
    dependencies:
      '@types/unist': 2.0.11

  '@types/mdurl@1.0.5': {}

  '@types/node@24.13.2':
    dependencies:
      undici-types: 7.18.2

  '@types/parse5@5.0.3': {}

  '@types/unist@2.0.11': {}

  '@vivliostyle/vfm@2.7.0(typescript@6.0.3)':
    dependencies:
      '@types/hast': 2.3.10
      '@types/mdast': 3.0.15
      debug: 4.4.3
      doctype: 3.0.1
      github-slugger: 2.0.0
      hast-util-find-and-replace: 3.2.1
      hast-util-is-element: 2.1.3
      hast-util-select: 5.0.5
      hastscript: 7.2.0
      js-yaml: 4.2.0
      md-attr-parser: 1.3.0
      mdast-util-find-and-replace: 2.2.2
      mdast-util-to-hast: 11.3.0
      mdast-util-to-string: 3.2.0
      meow: 13.2.0
      refractor: 3.6.0
      rehype-format: 3.1.0
      rehype-raw: 5.1.0
      rehype-stringify: 8.0.0
      remark-attr: 0.11.1
      remark-breaks: 1.0.5
      remark-footnotes: 2.0.0
      remark-frontmatter: 2.0.0
      remark-parse: 8.0.3
      remark-rehype: 8.1.0
      remark-shortcodes: 0.3.1(remark-parse@8.0.3)
      to-vfile: 6.1.0
      unified: 9.2.2
      unist-builder: 3.0.1
      unist-util-filter: 4.0.1
      unist-util-find-after: 4.0.1
      unist-util-inspect: 7.0.2
      unist-util-remove: 3.1.1
      unist-util-select: 4.0.3
      unist-util-visit: 4.1.2
      unist-util-visit-parents: 5.1.3
      valibot: 1.2.0(typescript@6.0.3)
    transitivePeerDependencies:
      - supports-color
      - typescript

  argparse@2.0.1: {}

  bail@1.0.5: {}

  bcp-47-match@2.0.3: {}

  boolbase@1.0.0: {}

  ccount@1.1.0: {}

  character-entities-html4@1.1.4: {}

  character-entities-legacy@1.1.4: {}

  character-entities@1.2.4: {}

  character-reference-invalid@1.1.4: {}

  collapse-white-space@1.0.6: {}

  comma-separated-tokens@1.0.8: {}

  comma-separated-tokens@2.0.3: {}

  css-selector-parser@1.4.1: {}

  debug@4.4.3:
    dependencies:
      ms: 2.1.3

  direction@2.0.1: {}

  doctype@3.0.1: {}

  escape-string-regexp@4.0.0: {}

  escape-string-regexp@5.0.0: {}

  extend@3.0.2: {}

  fault@1.0.4:
    dependencies:
      format: 0.2.2

  format@0.2.2: {}

  github-slugger@2.0.0: {}

  hast-to-hyperscript@9.0.1:
    dependencies:
      '@types/unist': 2.0.11
      comma-separated-tokens: 1.0.8
      property-information: 5.6.0
      space-separated-tokens: 1.1.5
      style-to-object: 0.3.0
      unist-util-is: 4.1.0
      web-namespaces: 1.1.4

  hast-util-embedded@1.0.6:
    dependencies:
      hast-util-is-element: 1.1.0

  hast-util-find-and-replace@3.2.1:
    dependencies:
      escape-string-regexp: 4.0.0
      hast-util-is-element: 1.1.0
      unist-util-visit-parents: 3.1.1

  hast-util-from-parse5@6.0.1:
    dependencies:
      '@types/parse5': 5.0.3
      hastscript: 6.0.0
      property-information: 5.6.0
      vfile: 4.2.1
      vfile-location: 3.2.0
      web-namespaces: 1.1.4

  hast-util-has-property@1.0.4: {}

  hast-util-has-property@2.0.1: {}

  hast-util-is-body-ok-link@1.0.4:
    dependencies:
      hast-util-has-property: 1.0.4
      hast-util-is-element: 1.1.0

  hast-util-is-element@1.1.0: {}

  hast-util-is-element@2.1.3:
    dependencies:
      '@types/hast': 2.3.10
      '@types/unist': 2.0.11

  hast-util-parse-selector@2.2.5: {}

  hast-util-parse-selector@3.1.1:
    dependencies:
      '@types/hast': 2.3.10

  hast-util-phrasing@1.0.5:
    dependencies:
      hast-util-embedded: 1.0.6
      hast-util-has-property: 1.0.4
      hast-util-is-body-ok-link: 1.0.4
      hast-util-is-element: 1.1.0

  hast-util-raw@6.1.0:
    dependencies:
      '@types/hast': 2.3.10
      hast-util-from-parse5: 6.0.1
      hast-util-to-parse5: 6.0.0
      html-void-elements: 1.0.5
      parse5: 6.0.1
      unist-util-position: 3.1.0
      unist-util-visit: 2.0.3
      vfile: 4.2.1
      web-namespaces: 1.1.4
      xtend: 4.0.2
      zwitch: 1.0.5

  hast-util-select@5.0.5:
    dependencies:
      '@types/hast': 2.3.10
      '@types/unist': 2.0.11
      bcp-47-match: 2.0.3
      comma-separated-tokens: 2.0.3
      css-selector-parser: 1.4.1
      direction: 2.0.1
      hast-util-has-property: 2.0.1
      hast-util-to-string: 2.0.0
      hast-util-whitespace: 2.0.1
      not: 0.1.0
      nth-check: 2.1.1
      property-information: 6.5.0
      space-separated-tokens: 2.0.2
      unist-util-visit: 4.1.2
      zwitch: 2.0.4

  hast-util-to-html@7.1.3:
    dependencies:
      ccount: 1.1.0
      comma-separated-tokens: 1.0.8
      hast-util-is-element: 1.1.0
      hast-util-whitespace: 1.0.4
      html-void-elements: 1.0.5
      property-information: 5.6.0
      space-separated-tokens: 1.1.5
      stringify-entities: 3.1.0
      unist-util-is: 4.1.0
      xtend: 4.0.2

  hast-util-to-parse5@6.0.0:
    dependencies:
      hast-to-hyperscript: 9.0.1
      property-information: 5.6.0
      web-namespaces: 1.1.4
      xtend: 4.0.2
      zwitch: 1.0.5

  hast-util-to-string@2.0.0:
    dependencies:
      '@types/hast': 2.3.10

  hast-util-whitespace@1.0.4: {}

  hast-util-whitespace@2.0.1: {}

  hastscript@6.0.0:
    dependencies:
      '@types/hast': 2.3.10
      comma-separated-tokens: 1.0.8
      hast-util-parse-selector: 2.2.5
      property-information: 5.6.0
      space-separated-tokens: 1.1.5

  hastscript@7.2.0:
    dependencies:
      '@types/hast': 2.3.10
      comma-separated-tokens: 2.0.3
      hast-util-parse-selector: 3.1.1
      property-information: 6.5.0
      space-separated-tokens: 2.0.2

  html-element-attributes@2.3.0: {}

  html-void-elements@1.0.5: {}

  html-whitespace-sensitive-tag-names@1.0.3: {}

  image-size@2.0.2: {}

  inherits@2.0.4: {}

  inline-style-parser@0.1.1: {}

  is-alphabetical@1.0.4: {}

  is-alphanumerical@1.0.4:
    dependencies:
      is-alphabetical: 1.0.4
      is-decimal: 1.0.4

  is-buffer@2.0.5: {}

  is-decimal@1.0.4: {}

  is-hexadecimal@1.0.4: {}

  is-plain-obj@2.1.0: {}

  is-whitespace-character@1.0.4: {}

  is-word-character@1.0.4: {}

  js-yaml@4.2.0:
    dependencies:
      argparse: 2.0.1

  markdown-escapes@1.0.4: {}

  md-attr-parser@1.3.0: {}

  mdast-util-definitions@4.0.0:
    dependencies:
      unist-util-visit: 2.0.3

  mdast-util-definitions@5.1.2:
    dependencies:
      '@types/mdast': 3.0.15
      '@types/unist': 2.0.11
      unist-util-visit: 4.1.2

  mdast-util-find-and-replace@2.2.2:
    dependencies:
      '@types/mdast': 3.0.15
      escape-string-regexp: 5.0.0
      unist-util-is: 5.2.1
      unist-util-visit-parents: 5.1.3

  mdast-util-to-hast@10.2.0:
    dependencies:
      '@types/mdast': 3.0.15
      '@types/unist': 2.0.11
      mdast-util-definitions: 4.0.0
      mdurl: 1.0.1
      unist-builder: 2.0.3
      unist-util-generated: 1.1.6
      unist-util-position: 3.1.0
      unist-util-visit: 2.0.3

  mdast-util-to-hast@11.3.0:
    dependencies:
      '@types/hast': 2.3.10
      '@types/mdast': 3.0.15
      '@types/mdurl': 1.0.5
      mdast-util-definitions: 5.1.2
      mdurl: 1.0.1
      unist-builder: 3.0.1
      unist-util-generated: 2.0.1
      unist-util-position: 4.0.4
      unist-util-visit: 4.1.2

  mdast-util-to-string@3.2.0:
    dependencies:
      '@types/mdast': 3.0.15

  mdurl@1.0.1: {}

  meow@13.2.0: {}

  ms@2.1.3: {}

  not@0.1.0: {}

  nth-check@2.1.1:
    dependencies:
      boolbase: 1.0.0

  parse-entities@2.0.0:
    dependencies:
      character-entities: 1.2.4
      character-entities-legacy: 1.1.4
      character-reference-invalid: 1.1.4
      is-alphanumerical: 1.0.4
      is-decimal: 1.0.4
      is-hexadecimal: 1.0.4

  parse5@6.0.1: {}

  prettier@3.8.4: {}

  prismjs@1.27.0: {}

  property-information@5.6.0:
    dependencies:
      xtend: 4.0.2

  property-information@6.5.0: {}

  refractor@3.6.0:
    dependencies:
      hastscript: 6.0.0
      parse-entities: 2.0.0
      prismjs: 1.27.0

  rehype-format@3.1.0:
    dependencies:
      hast-util-embedded: 1.0.6
      hast-util-is-element: 1.1.0
      hast-util-phrasing: 1.0.5
      hast-util-whitespace: 1.0.4
      html-whitespace-sensitive-tag-names: 1.0.3
      rehype-minify-whitespace: 4.0.5
      repeat-string: 1.6.1
      unist-util-visit-parents: 3.1.1

  rehype-minify-whitespace@4.0.5:
    dependencies:
      hast-util-embedded: 1.0.6
      hast-util-is-element: 1.1.0
      hast-util-whitespace: 1.0.4
      unist-util-is: 4.1.0

  rehype-raw@5.1.0:
    dependencies:
      hast-util-raw: 6.1.0

  rehype-stringify@8.0.0:
    dependencies:
      hast-util-to-html: 7.1.3

  remark-attr@0.11.1:
    dependencies:
      html-element-attributes: 2.3.0
      is-whitespace-character: 1.0.4
      md-attr-parser: 1.3.0
      remark-footnotes: 1.0.0

  remark-breaks@1.0.5: {}

  remark-footnotes@1.0.0: {}

  remark-footnotes@2.0.0: {}

  remark-frontmatter@2.0.0:
    dependencies:
      fault: 1.0.4

  remark-parse@8.0.3:
    dependencies:
      ccount: 1.1.0
      collapse-white-space: 1.0.6
      is-alphabetical: 1.0.4
      is-decimal: 1.0.4
      is-whitespace-character: 1.0.4
      is-word-character: 1.0.4
      markdown-escapes: 1.0.4
      parse-entities: 2.0.0
      repeat-string: 1.6.1
      state-toggle: 1.0.3
      trim: 0.0.1
      trim-trailing-lines: 1.1.4
      unherit: 1.1.3
      unist-util-remove-position: 2.0.1
      vfile-location: 3.2.0
      xtend: 4.0.2

  remark-rehype@8.1.0:
    dependencies:
      mdast-util-to-hast: 10.2.0

  remark-shortcodes@0.3.1(remark-parse@8.0.3):
    dependencies:
      remark-parse: 8.0.3

  repeat-string@1.6.1: {}

  space-separated-tokens@1.1.5: {}

  space-separated-tokens@2.0.2: {}

  state-toggle@1.0.3: {}

  stringify-entities@3.1.0:
    dependencies:
      character-entities-html4: 1.1.4
      character-entities-legacy: 1.1.4
      xtend: 4.0.2

  style-to-object@0.3.0:
    dependencies:
      inline-style-parser: 0.1.1

  to-vfile@6.1.0:
    dependencies:
      is-buffer: 2.0.5
      vfile: 4.2.1

  trim-trailing-lines@1.1.4: {}

  trim@0.0.1: {}

  trough@1.0.5: {}

  typescript@6.0.3: {}

  undici-types@7.18.2: {}

  unherit@1.1.3:
    dependencies:
      inherits: 2.0.4
      xtend: 4.0.2

  unified@9.2.2:
    dependencies:
      '@types/unist': 2.0.11
      bail: 1.0.5
      extend: 3.0.2
      is-buffer: 2.0.5
      is-plain-obj: 2.1.0
      trough: 1.0.5
      vfile: 4.2.1

  unist-builder@2.0.3: {}

  unist-builder@3.0.1:
    dependencies:
      '@types/unist': 2.0.11

  unist-util-filter@4.0.1:
    dependencies:
      '@types/unist': 2.0.11
      unist-util-is: 5.2.1
      unist-util-visit-parents: 5.1.3

  unist-util-find-after@4.0.1:
    dependencies:
      '@types/unist': 2.0.11
      unist-util-is: 5.2.1

  unist-util-generated@1.1.6: {}

  unist-util-generated@2.0.1: {}

  unist-util-inspect@7.0.2:
    dependencies:
      '@types/unist': 2.0.11

  unist-util-is@4.1.0: {}

  unist-util-is@5.2.1:
    dependencies:
      '@types/unist': 2.0.11

  unist-util-position@3.1.0: {}

  unist-util-position@4.0.4:
    dependencies:
      '@types/unist': 2.0.11

  unist-util-remove-position@2.0.1:
    dependencies:
      unist-util-visit: 2.0.3

  unist-util-remove@3.1.1:
    dependencies:
      '@types/unist': 2.0.11
      unist-util-is: 5.2.1
      unist-util-visit-parents: 5.1.3

  unist-util-select@4.0.3:
    dependencies:
      '@types/unist': 2.0.11
      css-selector-parser: 1.4.1
      nth-check: 2.1.1
      zwitch: 2.0.4

  unist-util-stringify-position@2.0.3:
    dependencies:
      '@types/unist': 2.0.11

  unist-util-visit-parents@3.1.1:
    dependencies:
      '@types/unist': 2.0.11
      unist-util-is: 4.1.0

  unist-util-visit-parents@5.1.3:
    dependencies:
      '@types/unist': 2.0.11
      unist-util-is: 5.2.1

  unist-util-visit@2.0.3:
    dependencies:
      '@types/unist': 2.0.11
      unist-util-is: 4.1.0
      unist-util-visit-parents: 3.1.1

  unist-util-visit@4.1.2:
    dependencies:
      '@types/unist': 2.0.11
      unist-util-is: 5.2.1
      unist-util-visit-parents: 5.1.3

  upath@2.0.1: {}

  valibot@1.2.0(typescript@6.0.3):
    optionalDependencies:
      typescript: 6.0.3

  vfile-location@3.2.0: {}

  vfile-message@2.0.4:
    dependencies:
      '@types/unist': 2.0.11
      unist-util-stringify-position: 2.0.3

  vfile@4.2.1:
    dependencies:
      '@types/unist': 2.0.11
      is-buffer: 2.0.5
      unist-util-stringify-position: 2.0.3
      vfile-message: 2.0.4

  web-namespaces@1.1.4: {}

  xtend@4.0.2: {}

  zwitch@1.0.5: {}

  zwitch@2.0.4: {}
